
Microsoft Visual Studio Solution File, Format Version 12.00
Project("{FAE04EC0-301F-11D3-BF4B-00C04F79EFBC}") = "Friday.Sudoku", "src\Friday.Sudoku\Friday.Sudoku.csproj", "{C6E75495-C666-4336-984E-3E283066801E}"
EndProject
Project("{FAE04EC0-301F-11D3-BF4B-00C04F79EFBC}") = "Friday.Sudoku.Tests", "src\Friday.Sudoku.Tests\Friday.Sudoku.Tests.csproj", "{F48236BA-D3BA-40AD-A5AB-944B35A6695C}"
EndProject
Global
	GlobalSection(SolutionConfigurationPlatforms) = preSolution
		Debug|Any CPU = Debug|Any CPU
		Release|Any CPU = Release|Any CPU
	EndGlobalSection
	GlobalSection(ProjectConfigurationPlatforms) = postSolution
		{C6E75495-C666-4336-984E-3E283066801E}.Debug|Any CPU.ActiveCfg = Debug|Any CPU
		{C6E75495-C666-4336-984E-3E283066801E}.Debug|Any CPU.Build.0 = Debug|Any CPU
		{C6E75495-C666-4336-984E-3E283066801E}.Release|Any CPU.ActiveCfg = Release|Any CPU
		{C6E75495-C666-4336-984E-3E283066801E}.Release|Any CPU.Build.0 = Release|Any CPU
		{F48236BA-D3BA-40AD-A5AB-944B35A6695C}.Debug|Any CPU.ActiveCfg = Debug|Any CPU
		{F48236BA-D3BA-40AD-A5AB-944B35A6695C}.Debug|Any CPU.Build.0 = Debug|Any CPU
		{F48236BA-D3BA-40AD-A5AB-944B35A6695C}.Release|Any CPU.ActiveCfg = Release|Any CPU
		{F48236BA-D3BA-40AD-A5AB-944B35A6695C}.Release|Any CPU.Build.0 = Release|Any CPU
	EndGlobalSection
EndGlobal
